
Microsoft Visual Studio Solution File, Format Version 12.00
# Visual Studio Version 17
VisualStudioVersion = 17.2.32630.192
MinimumVisualStudioVersion = 10.0.40219.1
Project("{FAE04EC0-301F-11D3-BF4B-00C04F79EFBC}") = "Decorator", "Decorator\Decorator.csproj", "{5447383F-E121-4915-807A-B890CA31B81C}"
EndProject
Global
	GlobalSection(SolutionConfigurationPlatforms) = preSolution
		Debug|Any CPU = Debug|Any CPU
		Release|Any CPU = Release|Any CPU
	EndGlobalSection
	GlobalSection(ProjectConfigurationPlatforms) = postSolution
		{5447383F-E121-4915-807A-B890CA31B81C}.Debug|Any CPU.ActiveCfg = Debug|Any CPU
		{5447383F-E121-4915-807A-B890CA31B81C}.Debug|Any CPU.Build.0 = Debug|Any CPU
		{5447383F-E121-4915-807A-B890CA31B81C}.Release|Any CPU.ActiveCfg = Release|Any CPU
		{5447383F-E121-4915-807A-B890CA31B81C}.Release|Any CPU.Build.0 = Release|Any CPU
	EndGlobalSection
	GlobalSection(SolutionProperties) = preSolution
		HideSolutionNode = FALSE
	EndGlobalSection
	GlobalSection(ExtensibilityGlobals) = postSolution
		SolutionGuid = {DF240AC1-D013-42DE-8E5D-F0D1848512A5}
	EndGlobalSection
EndGlobal
